
Microsoft Visual Studio Solution File, Format Version 12.00
# Visual Studio Version 16
VisualStudioVersion = 16.0.32413.511
MinimumVisualStudioVersion = 10.0.40219.1
Project("{FAE04EC0-301F-11D3-BF4B-00C04F79EFBC}") = "xadrez-console", "xadrez-console\xadrez-console.csproj", "{4B14CA3E-09C7-49B7-9C75-811FF204754D}"
EndProject
Global
	GlobalSection(SolutionConfigurationPlatforms) = preSolution
		Debug|Any CPU = Debug|Any CPU
		Release|Any CPU = Release|Any CPU
	EndGlobalSection
	GlobalSection(ProjectConfigurationPlatforms) = postSolution
		{4B14CA3E-09C7-49B7-9C75-811FF204754D}.Debug|Any CPU.ActiveCfg = Debug|Any CPU
		{4B14CA3E-09C7-49B7-9C75-811FF204754D}.Debug|Any CPU.Build.0 = Debug|Any CPU
		{4B14CA3E-09C7-49B7-9C75-811FF204754D}.Release|Any CPU.ActiveCfg = Release|Any CPU
		{4B14CA3E-09C7-49B7-9C75-811FF204754D}.Release|Any CPU.Build.0 = Release|Any CPU
	EndGlobalSection
	GlobalSection(SolutionProperties) = preSolution
		HideSolutionNode = FALSE
	EndGlobalSection
	GlobalSection(ExtensibilityGlobals) = postSolution
		SolutionGuid = {C1204C58-583E-4D5C-962D-0BB0F317FEEA}
	EndGlobalSection
EndGlobal
